
Microsoft Visual Studio Solution File, Format Version 12.00
# Visual Studio Version 16
VisualStudioVersion = 16.0.32002.261
MinimumVisualStudioVersion = 10.0.40219.1
Project("{2150E333-8FDC-42A3-9474-1A3956D46DE8}") = "Doc", "Doc", "{5E498FDD-AA25-46C1-95C6-AB14207BF057}"
EndProject
Project("{2150E333-8FDC-42A3-9474-1A3956D46DE8}") = "Src", "Src", "{58C2D6CB-DC23-42C1-BA95-357D61A70869}"
EndProject
Project("{2150E333-8FDC-42A3-9474-1A3956D46DE8}") = "Test", "Test", "{BCE6D9DC-F49E-4FBF-A9A1-23A304F7F84C}"
EndProject
Project("{2150E333-8FDC-42A3-9474-1A3956D46DE8}") = "Common", "Common", "{A7E632D0-AA0E-4A89-B990-C9A3566C5FFF}"
EndProject
Project("{2150E333-8FDC-42A3-9474-1A3956D46DE8}") = "Core", "Core", "{6231F2DC-8EA2-4DFF-BD7D-F5CBE765BE3A}"
EndProject
Project("{2150E333-8FDC-42A3-9474-1A3956D46DE8}") = "Infrastructure", "Infrastructure", "{F11175C9-FCCC-4B5B-B01F-BED75CFE7226}"
EndProject
Project("{2150E333-8FDC-42A3-9474-1A3956D46DE8}") = "Peresention", "Peresention", "{EA4E0C57-0337-4DA3-A67F-7C9E974BB30B}"
EndProject
Project("{FAE04EC0-301F-11D3-BF4B-00C04F79EFBC}") = "Common", "Common\Common.csproj", "{C90BEF2D-1B50-4F33-BBBA-94D0174E3671}"
EndProject
Project("{FAE04EC0-301F-11D3-BF4B-00C04F79EFBC}") = "Application", "Application\Application.csproj", "{9D0FF66E-2C94-4F79-AE55-79413CDAA084}"
EndProject
Project("{FAE04EC0-301F-11D3-BF4B-00C04F79EFBC}") = "Domain", "Domain\Domain.csproj", "{7699A771-5068-49C8-81C5-2CE731AEB4BE}"
EndProject
Project("{FAE04EC0-301F-11D3-BF4B-00C04F79EFBC}") = "IOC", "IOC\IOC.csproj", "{CB032992-1166-4E8B-B27B-31D71D0B0A08}"
EndProject
Project("{FAE04EC0-301F-11D3-BF4B-00C04F79EFBC}") = "Persistence", "Persistence\Persistence.csproj", "{E732178F-6058-4A46-8F32-9F0553288525}"
EndProject
Project("{FAE04EC0-301F-11D3-BF4B-00C04F79EFBC}") = "RamandApi", "RamandApi\RamandApi.csproj", "{E9E3CF67-166C-444D-AC5B-78C92B3FC222}"
EndProject
Global
	GlobalSection(SolutionConfigurationPlatforms) = preSolution
		Debug|Any CPU = Debug|Any CPU
		Release|Any CPU = Release|Any CPU
	EndGlobalSection
	GlobalSection(ProjectConfigurationPlatforms) = postSolution
		{C90BEF2D-1B50-4F33-BBBA-94D0174E3671}.Debug|Any CPU.ActiveCfg = Debug|Any CPU
		{C90BEF2D-1B50-4F33-BBBA-94D0174E3671}.Debug|Any CPU.Build.0 = Debug|Any CPU
		{C90BEF2D-1B50-4F33-BBBA-94D0174E3671}.Release|Any CPU.ActiveCfg = Release|Any CPU
		{C90BEF2D-1B50-4F33-BBBA-94D0174E3671}.Release|Any CPU.Build.0 = Release|Any CPU
		{9D0FF66E-2C94-4F79-AE55-79413CDAA084}.Debug|Any CPU.ActiveCfg = Debug|Any CPU
		{9D0FF66E-2C94-4F79-AE55-79413CDAA084}.Debug|Any CPU.Build.0 = Debug|Any CPU
		{9D0FF66E-2C94-4F79-AE55-79413CDAA084}.Release|Any CPU.ActiveCfg = Release|Any CPU
		{9D0FF66E-2C94-4F79-AE55-79413CDAA084}.Release|Any CPU.Build.0 = Release|Any CPU
		{7699A771-5068-49C8-81C5-2CE731AEB4BE}.Debug|Any CPU.ActiveCfg = Debug|Any CPU
		{7699A771-5068-49C8-81C5-2CE731AEB4BE}.Debug|Any CPU.Build.0 = Debug|Any CPU
		{7699A771-5068-49C8-81C5-2CE731AEB4BE}.Release|Any CPU.ActiveCfg = Release|Any CPU
		{7699A771-5068-49C8-81C5-2CE731AEB4BE}.Release|Any CPU.Build.0 = Release|Any CPU
		{CB032992-1166-4E8B-B27B-31D71D0B0A08}.Debug|Any CPU.ActiveCfg = Debug|Any CPU
		{CB032992-1166-4E8B-B27B-31D71D0B0A08}.Debug|Any CPU.Build.0 = Debug|Any CPU
		{CB032992-1166-4E8B-B27B-31D71D0B0A08}.Release|Any CPU.ActiveCfg = Release|Any CPU
		{CB032992-1166-4E8B-B27B-31D71D0B0A08}.Release|Any CPU.Build.0 = Release|Any CPU
		{E732178F-6058-4A46-8F32-9F0553288525}.Debug|Any CPU.ActiveCfg = Debug|Any CPU
		{E732178F-6058-4A46-8F32-9F0553288525}.Debug|Any CPU.Build.0 = Debug|Any CPU
		{E732178F-6058-4A46-8F32-9F0553288525}.Release|Any CPU.ActiveCfg = Release|Any CPU
		{E732178F-6058-4A46-8F32-9F0553288525}.Release|Any CPU.Build.0 = Release|Any CPU
		{E9E3CF67-166C-444D-AC5B-78C92B3FC222}.Debug|Any CPU.ActiveCfg = Debug|Any CPU
		{E9E3CF67-166C-444D-AC5B-78C92B3FC222}.Debug|Any CPU.Build.0 = Debug|Any CPU
		{E9E3CF67-166C-444D-AC5B-78C92B3FC222}.Release|Any CPU.ActiveCfg = Release|Any CPU
		{E9E3CF67-166C-444D-AC5B-78C92B3FC222}.Release|Any CPU.Build.0 = Release|Any CPU
	EndGlobalSection
	GlobalSection(SolutionProperties) = preSolution
		HideSolutionNode = FALSE
	EndGlobalSection
	GlobalSection(NestedProjects) = preSolution
		{A7E632D0-AA0E-4A89-B990-C9A3566C5FFF} = {58C2D6CB-DC23-42C1-BA95-357D61A70869}
		{6231F2DC-8EA2-4DFF-BD7D-F5CBE765BE3A} = {58C2D6CB-DC23-42C1-BA95-357D61A70869}
		{F11175C9-FCCC-4B5B-B01F-BED75CFE7226} = {58C2D6CB-DC23-42C1-BA95-357D61A70869}
		{EA4E0C57-0337-4DA3-A67F-7C9E974BB30B} = {58C2D6CB-DC23-42C1-BA95-357D61A70869}
		{C90BEF2D-1B50-4F33-BBBA-94D0174E3671} = {A7E632D0-AA0E-4A89-B990-C9A3566C5FFF}
		{9D0FF66E-2C94-4F79-AE55-79413CDAA084} = {6231F2DC-8EA2-4DFF-BD7D-F5CBE765BE3A}
		{7699A771-5068-49C8-81C5-2CE731AEB4BE} = {6231F2DC-8EA2-4DFF-BD7D-F5CBE765BE3A}
		{CB032992-1166-4E8B-B27B-31D71D0B0A08} = {F11175C9-FCCC-4B5B-B01F-BED75CFE7226}
		{E732178F-6058-4A46-8F32-9F0553288525} = {F11175C9-FCCC-4B5B-B01F-BED75CFE7226}
		{E9E3CF67-166C-444D-AC5B-78C92B3FC222} = {EA4E0C57-0337-4DA3-A67F-7C9E974BB30B}
	EndGlobalSection
	GlobalSection(ExtensibilityGlobals) = postSolution
		SolutionGuid = {E5F9B231-568B-4E95-8FCF-3C2CC67EF1FB}
	EndGlobalSection
EndGlobal
